
Microsoft Visual Studio Solution File, Format Version 12.00
# Visual Studio Version 16
VisualStudioVersion = 16.0.30413.136
MinimumVisualStudioVersion = 10.0.40219.1
Project("{888888A0-9F3D-457C-B088-3A5042F75D52}") = "ChisloImeni", "ChisloImeni.pyproj", "{AF023B4A-B0B3-4C68-9FA9-2CF2CF848F7A}"
EndProject
Global
	GlobalSection(SolutionConfigurationPlatforms) = preSolution
		Debug|Any CPU = Debug|Any CPU
		Release|Any CPU = Release|Any CPU
	EndGlobalSection
	GlobalSection(ProjectConfigurationPlatforms) = postSolution
		{AF023B4A-B0B3-4C68-9FA9-2CF2CF848F7A}.Debug|Any CPU.ActiveCfg = Debug|Any CPU
		{AF023B4A-B0B3-4C68-9FA9-2CF2CF848F7A}.Release|Any CPU.ActiveCfg = Release|Any CPU
	EndGlobalSection
	GlobalSection(SolutionProperties) = preSolution
		HideSolutionNode = FALSE
	EndGlobalSection
	GlobalSection(ExtensibilityGlobals) = postSolution
		SolutionGuid = {FAE24933-0BE7-4537-B507-0FDA74C97A16}
	EndGlobalSection
EndGlobal
